
Microsoft Visual Studio Solution File, Format Version 12.00
# Visual Studio Version 16
VisualStudioVersion = 16.0.30114.105
MinimumVisualStudioVersion = 10.0.40219.1
Project("{F2A71F9B-5D33-465A-A702-920D77279786}") = "AdventOfCode2021.Day01", "AdventOfCode2021.Day01\AdventOfCode2021.Day01.fsproj", "{0D27900B-3119-4C76-8672-7BE212625C13}"
EndProject
Project("{F2A71F9B-5D33-465A-A702-920D77279786}") = "AdventOfCode2021.Day01.Tests", "AdventOfCode2021.Day01.Tests\AdventOfCode2021.Day01.Tests.fsproj", "{F5BE6873-D38B-4588-9440-BF9CDB254489}"
EndProject
Project("{F2A71F9B-5D33-465A-A702-920D77279786}") = "AdventOfCode2021.Day02", "AdventOfCode2021.Day02\AdventOfCode2021.Day02.fsproj", "{5C259CF6-C19C-4894-8931-2A959E5BA043}"
EndProject
Project("{F2A71F9B-5D33-465A-A702-920D77279786}") = "AdventOfCode2021.Day02.Tests", "AdventOfCode2021.Day02.Tests\AdventOfCode2021.Day02.Tests.fsproj", "{2993C513-DAB1-4E83-ACE7-047D7E5B65F8}"
EndProject
Project("{F2A71F9B-5D33-465A-A702-920D77279786}") = "AdventOfCode2021.Day03", "AdventOfCode2021.Day03\AdventOfCode2021.Day03.fsproj", "{6EB0CD80-422F-4F48-84F0-E0DC07EBD014}"
EndProject
Project("{F2A71F9B-5D33-465A-A702-920D77279786}") = "AdventOfCode2021.Day03.Tests", "AdventOfCode2021.Day03.Tests\AdventOfCode2021.Day03.Tests.fsproj", "{CF23ED27-0C16-4054-A6A5-A907C780E374}"
EndProject
Project("{F2A71F9B-5D33-465A-A702-920D77279786}") = "AdventOfCode2021.Common", "AdventOfCode2021.Common\AdventOfCode2021.Common.fsproj", "{7E83FDF6-36FA-4AF7-94BE-9784473CEAFE}"
EndProject
Project("{F2A71F9B-5D33-465A-A702-920D77279786}") = "AdventOfCode2021.Day04", "AdventOfCode2021.Day04\AdventOfCode2021.Day04.fsproj", "{6298EDAB-F0D8-452C-B941-FC55FEAA99EF}"
EndProject
Project("{F2A71F9B-5D33-465A-A702-920D77279786}") = "AdventOfCode2021.Day04.Tests", "AdventOfCode2021.Day04.Tests\AdventOfCode2021.Day04.Tests.fsproj", "{D74AC0B4-D29F-43BF-B4A1-D3AC48F6EBBD}"
EndProject
Project("{F2A71F9B-5D33-465A-A702-920D77279786}") = "AdventOfCode2021.Day05", "AdventOfCode2021.Day05\AdventOfCode2021.Day05.fsproj", "{2ACDCD5E-A4E4-4CC8-9BE9-FF5AEF3F6743}"
EndProject
Project("{F2A71F9B-5D33-465A-A702-920D77279786}") = "AdventOfCode2021.Day05.Tests", "AdventOfCode2021.Day05.Tests\AdventOfCode2021.Day05.Tests.fsproj", "{5313769A-EA4E-416B-9300-44C732FC0889}"
EndProject
Project("{F2A71F9B-5D33-465A-A702-920D77279786}") = "AdventOfCode2021.Day06", "AdventOfCode2021.Day06\AdventOfCode2021.Day06.fsproj", "{DB731465-3739-4834-BE5C-9E87C2EE74EA}"
EndProject
Project("{F2A71F9B-5D33-465A-A702-920D77279786}") = "AdventOfCode2021.Day06.Tests", "AdventOfCode2021.Day06.Tests\AdventOfCode2021.Day06.Tests.fsproj", "{2F90CD4E-9C57-41BF-9BF8-C6936E886E9C}"
EndProject
Global
	GlobalSection(SolutionConfigurationPlatforms) = preSolution
		Debug|Any CPU = Debug|Any CPU
		Release|Any CPU = Release|Any CPU
	EndGlobalSection
	GlobalSection(SolutionProperties) = preSolution
		HideSolutionNode = FALSE
	EndGlobalSection
	GlobalSection(ProjectConfigurationPlatforms) = postSolution
		{0D27900B-3119-4C76-8672-7BE212625C13}.Debug|Any CPU.ActiveCfg = Debug|Any CPU
		{0D27900B-3119-4C76-8672-7BE212625C13}.Debug|Any CPU.Build.0 = Debug|Any CPU
		{0D27900B-3119-4C76-8672-7BE212625C13}.Release|Any CPU.ActiveCfg = Release|Any CPU
		{0D27900B-3119-4C76-8672-7BE212625C13}.Release|Any CPU.Build.0 = Release|Any CPU
		{F5BE6873-D38B-4588-9440-BF9CDB254489}.Debug|Any CPU.ActiveCfg = Debug|Any CPU
		{F5BE6873-D38B-4588-9440-BF9CDB254489}.Debug|Any CPU.Build.0 = Debug|Any CPU
		{F5BE6873-D38B-4588-9440-BF9CDB254489}.Release|Any CPU.ActiveCfg = Release|Any CPU
		{F5BE6873-D38B-4588-9440-BF9CDB254489}.Release|Any CPU.Build.0 = Release|Any CPU
		{5C259CF6-C19C-4894-8931-2A959E5BA043}.Debug|Any CPU.ActiveCfg = Debug|Any CPU
		{5C259CF6-C19C-4894-8931-2A959E5BA043}.Debug|Any CPU.Build.0 = Debug|Any CPU
		{5C259CF6-C19C-4894-8931-2A959E5BA043}.Release|Any CPU.ActiveCfg = Release|Any CPU
		{5C259CF6-C19C-4894-8931-2A959E5BA043}.Release|Any CPU.Build.0 = Release|Any CPU
		{2993C513-DAB1-4E83-ACE7-047D7E5B65F8}.Debug|Any CPU.ActiveCfg = Debug|Any CPU
		{2993C513-DAB1-4E83-ACE7-047D7E5B65F8}.Debug|Any CPU.Build.0 = Debug|Any CPU
		{2993C513-DAB1-4E83-ACE7-047D7E5B65F8}.Release|Any CPU.ActiveCfg = Release|Any CPU
		{2993C513-DAB1-4E83-ACE7-047D7E5B65F8}.Release|Any CPU.Build.0 = Release|Any CPU
		{6EB0CD80-422F-4F48-84F0-E0DC07EBD014}.Debug|Any CPU.ActiveCfg = Debug|Any CPU
		{6EB0CD80-422F-4F48-84F0-E0DC07EBD014}.Debug|Any CPU.Build.0 = Debug|Any CPU
		{6EB0CD80-422F-4F48-84F0-E0DC07EBD014}.Release|Any CPU.ActiveCfg = Release|Any CPU
		{6EB0CD80-422F-4F48-84F0-E0DC07EBD014}.Release|Any CPU.Build.0 = Release|Any CPU
		{CF23ED27-0C16-4054-A6A5-A907C780E374}.Debug|Any CPU.ActiveCfg = Debug|Any CPU
		{CF23ED27-0C16-4054-A6A5-A907C780E374}.Debug|Any CPU.Build.0 = Debug|Any CPU
		{CF23ED27-0C16-4054-A6A5-A907C780E374}.Release|Any CPU.ActiveCfg = Release|Any CPU
		{CF23ED27-0C16-4054-A6A5-A907C780E374}.Release|Any CPU.Build.0 = Release|Any CPU
		{7E83FDF6-36FA-4AF7-94BE-9784473CEAFE}.Debug|Any CPU.ActiveCfg = Debug|Any CPU
		{7E83FDF6-36FA-4AF7-94BE-9784473CEAFE}.Debug|Any CPU.Build.0 = Debug|Any CPU
		{7E83FDF6-36FA-4AF7-94BE-9784473CEAFE}.Release|Any CPU.ActiveCfg = Release|Any CPU
		{7E83FDF6-36FA-4AF7-94BE-9784473CEAFE}.Release|Any CPU.Build.0 = Release|Any CPU
		{6298EDAB-F0D8-452C-B941-FC55FEAA99EF}.Debug|Any CPU.ActiveCfg = Debug|Any CPU
		{6298EDAB-F0D8-452C-B941-FC55FEAA99EF}.Debug|Any CPU.Build.0 = Debug|Any CPU
		{6298EDAB-F0D8-452C-B941-FC55FEAA99EF}.Release|Any CPU.ActiveCfg = Release|Any CPU
		{6298EDAB-F0D8-452C-B941-FC55FEAA99EF}.Release|Any CPU.Build.0 = Release|Any CPU
		{D74AC0B4-D29F-43BF-B4A1-D3AC48F6EBBD}.Debug|Any CPU.ActiveCfg = Debug|Any CPU
		{D74AC0B4-D29F-43BF-B4A1-D3AC48F6EBBD}.Debug|Any CPU.Build.0 = Debug|Any CPU
		{D74AC0B4-D29F-43BF-B4A1-D3AC48F6EBBD}.Release|Any CPU.ActiveCfg = Release|Any CPU
		{D74AC0B4-D29F-43BF-B4A1-D3AC48F6EBBD}.Release|Any CPU.Build.0 = Release|Any CPU
		{2ACDCD5E-A4E4-4CC8-9BE9-FF5AEF3F6743}.Debug|Any CPU.ActiveCfg = Debug|Any CPU
		{2ACDCD5E-A4E4-4CC8-9BE9-FF5AEF3F6743}.Debug|Any CPU.Build.0 = Debug|Any CPU
		{2ACDCD5E-A4E4-4CC8-9BE9-FF5AEF3F6743}.Release|Any CPU.ActiveCfg = Release|Any CPU
		{2ACDCD5E-A4E4-4CC8-9BE9-FF5AEF3F6743}.Release|Any CPU.Build.0 = Release|Any CPU
		{5313769A-EA4E-416B-9300-44C732FC0889}.Debug|Any CPU.ActiveCfg = Debug|Any CPU
		{5313769A-EA4E-416B-9300-44C732FC0889}.Debug|Any CPU.Build.0 = Debug|Any CPU
		{5313769A-EA4E-416B-9300-44C732FC0889}.Release|Any CPU.ActiveCfg = Release|Any CPU
		{5313769A-EA4E-416B-9300-44C732FC0889}.Release|Any CPU.Build.0 = Release|Any CPU
		{DB731465-3739-4834-BE5C-9E87C2EE74EA}.Debug|Any CPU.ActiveCfg = Debug|Any CPU
		{DB731465-3739-4834-BE5C-9E87C2EE74EA}.Debug|Any CPU.Build.0 = Debug|Any CPU
		{DB731465-3739-4834-BE5C-9E87C2EE74EA}.Release|Any CPU.ActiveCfg = Release|Any CPU
		{DB731465-3739-4834-BE5C-9E87C2EE74EA}.Release|Any CPU.Build.0 = Release|Any CPU
		{2F90CD4E-9C57-41BF-9BF8-C6936E886E9C}.Debug|Any CPU.ActiveCfg = Debug|Any CPU
		{2F90CD4E-9C57-41BF-9BF8-C6936E886E9C}.Debug|Any CPU.Build.0 = Debug|Any CPU
		{2F90CD4E-9C57-41BF-9BF8-C6936E886E9C}.Release|Any CPU.ActiveCfg = Release|Any CPU
		{2F90CD4E-9C57-41BF-9BF8-C6936E886E9C}.Release|Any CPU.Build.0 = Release|Any CPU
	EndGlobalSection
EndGlobal
