
Microsoft Visual Studio Solution File, Format Version 12.00
# Visual Studio Version 16
VisualStudioVersion = 16.0.30114.105
MinimumVisualStudioVersion = 10.0.40219.1
Project("{F2A71F9B-5D33-465A-A702-920D77279786}") = "AdventOfCode2021.Day01", "AdventOfCode2021.Day01\AdventOfCode2021.Day01.fsproj", "{0D27900B-3119-4C76-8672-7BE212625C13}"
EndProject
Project("{F2A71F9B-5D33-465A-A702-920D77279786}") = "AdventOfCode2021.Day01.Tests", "AdventOfCode2021.Day01.Tests\AdventOfCode2021.Day01.Tests.fsproj", "{F5BE6873-D38B-4588-9440-BF9CDB254489}"
EndProject
Project("{F2A71F9B-5D33-465A-A702-920D77279786}") = "AdventOfCode2021.Day02", "AdventOfCode2021.Day02\AdventOfCode2021.Day02.fsproj", "{5C259CF6-C19C-4894-8931-2A959E5BA043}"
EndProject
Project("{F2A71F9B-5D33-465A-A702-920D77279786}") = "AdventOfCode2021.Day02.Tests", "AdventOfCode2021.Day02.Tests\AdventOfCode2021.Day02.Tests.fsproj", "{2993C513-DAB1-4E83-ACE7-047D7E5B65F8}"
EndProject
Project("{F2A71F9B-5D33-465A-A702-920D77279786}") = "AdventOfCode2021.Day03", "AdventOfCode2021.Day03\AdventOfCode2021.Day03.fsproj", "{6EB0CD80-422F-4F48-84F0-E0DC07EBD014}"
EndProject
Project("{F2A71F9B-5D33-465A-A702-920D77279786}") = "AdventOfCode2021.Day03.Tests", "AdventOfCode2021.Day03.Tests\AdventOfCode2021.Day03.Tests.fsproj", "{CF23ED27-0C16-4054-A6A5-A907C780E374}"
EndProject
Project("{F2A71F9B-5D33-465A-A702-920D77279786}") = "AdventOfCode2021.Common", "AdventOfCode2021.Common\AdventOfCode2021.Common.fsproj", "{7E83FDF6-36FA-4AF7-94BE-9784473CEAFE}"
EndProject
Project("{F2A71F9B-5D33-465A-A702-920D77279786}") = "AdventOfCode2021.Day04", "AdventOfCode2021.Day04\AdventOfCode2021.Day04.fsproj", "{6298EDAB-F0D8-452C-B941-FC55FEAA99EF}"
EndProject
Project("{F2A71F9B-5D33-465A-A702-920D77279786}") = "AdventOfCode2021.Day04.Tests", "AdventOfCode2021.Day04.Tests\AdventOfCode2021.Day04.Tests.fsproj", "{D74AC0B4-D29F-43BF-B4A1-D3AC48F6EBBD}"
EndProject
Project("{F2A71F9B-5D33-465A-A702-920D77279786}") = "AdventOfCode2021.Day05", "AdventOfCode2021.Day05\AdventOfCode2021.Day05.fsproj", "{2ACDCD5E-A4E4-4CC8-9BE9-FF5AEF3F6743}"
EndProject
Project("{F2A71F9B-5D33-465A-A702-920D77279786}") = "AdventOfCode2021.Day05.Tests", "AdventOfCode2021.Day05.Tests\AdventOfCode2021.Day05.Tests.fsproj", "{5313769A-EA4E-416B-9300-44C732FC0889}"
EndProject
Project("{F2A71F9B-5D33-465A-A702-920D77279786}") = "AdventOfCode2021.Day06", "AdventOfCode2021.Day06\AdventOfCode2021.Day06.fsproj", "{DB731465-3739-4834-BE5C-9E87C2EE74EA}"
EndProject
Project("{F2A71F9B-5D33-465A-A702-920D77279786}") = "AdventOfCode2021.Day06.Tests", "AdventOfCode2021.Day06.Tests\AdventOfCode2021.Day06.Tests.fsproj", "{2F90CD4E-9C57-41BF-9BF8-C6936E886E9C}"
EndProject
Project("{F2A71F9B-5D33-465A-A702-920D77279786}") = "AdventOfCode2021.Day07", "AdventOfCode2021.Day07\AdventOfCode2021.Day07.fsproj", "{0035B920-3C5B-4AF5-8AE4-0513F2FDF79E}"
EndProject
Project("{F2A71F9B-5D33-465A-A702-920D77279786}") = "AdventOfCode2021.Day07.Tests", "AdventOfCode2021.Day07.Tests\AdventOfCode2021.Day07.Tests.fsproj", "{2CF7EEAA-604F-45FC-942E-A80B0A02EE20}"
EndProject
Project("{2150E333-8FDC-42A3-9474-1A3956D46DE8}") = ".build", ".build", "{AE7B21BE-CD9C-4D54-917A-19BA051E50E7}"
	ProjectSection(SolutionItems) = preProject
		paket.dependencies = paket.dependencies
		paket.lock = paket.lock
		StartNewDay.fsx = StartNewDay.fsx
	EndProjectSection
EndProject
Project("{F2A71F9B-5D33-465A-A702-920D77279786}") = "AdventOfCode2021.Day08", "AdventOfCode2021.Day08\AdventOfCode2021.Day08.fsproj", "{1215E0A5-6E43-4030-BB33-65FBD4F5A9F7}"
EndProject
Project("{F2A71F9B-5D33-465A-A702-920D77279786}") = "AdventOfCode2021.Day08.Tests", "AdventOfCode2021.Day08.Tests\AdventOfCode2021.Day08.Tests.fsproj", "{644DD8B6-8B26-4964-AB48-72F5EE431A70}"
EndProject
Project("{F2A71F9B-5D33-465A-A702-920D77279786}") = "AdventOfCode2021.Common.Tests", "AdventOfCode2021.Common.Tests\AdventOfCode2021.Common.Tests.fsproj", "{EC8B72C4-93D6-4DFB-8A15-C33990608958}"
EndProject
Project("{F2A71F9B-5D33-465A-A702-920D77279786}") = "AdventOfCode2021.Day09", "AdventOfCode2021.Day09\AdventOfCode2021.Day09.fsproj", "{E2E97124-A79E-4044-A2AA-EDD225818EA3}"
EndProject
Project("{F2A71F9B-5D33-465A-A702-920D77279786}") = "AdventOfCode2021.Day09.Tests", "AdventOfCode2021.Day09.Tests\AdventOfCode2021.Day09.Tests.fsproj", "{E7475948-8B4F-40BB-BFF6-4EBAFA05DA24}"
EndProject
Project("{F2A71F9B-5D33-465A-A702-920D77279786}") = "AdventOfCode2021.Day10", "AdventOfCode2021.Day10\AdventOfCode2021.Day10.fsproj", "{0F1633E1-C614-4C0A-90DD-A733DEFFBD10}"
EndProject
Project("{F2A71F9B-5D33-465A-A702-920D77279786}") = "AdventOfCode2021.Day10.Tests", "AdventOfCode2021.Day10.Tests\AdventOfCode2021.Day10.Tests.fsproj", "{9227C95B-CB03-4E9D-A5A2-806670843EED}"
EndProject
Project("{F2A71F9B-5D33-465A-A702-920D77279786}") = "AdventOfCode2021.Day11", "AdventOfCode2021.Day11\AdventOfCode2021.Day11.fsproj", "{70F701A0-7136-4C01-9A7D-12897A097D8E}"
EndProject
Project("{F2A71F9B-5D33-465A-A702-920D77279786}") = "AdventOfCode2021.Day11.Tests", "AdventOfCode2021.Day11.Tests\AdventOfCode2021.Day11.Tests.fsproj", "{B6520DE3-2077-4E79-B03C-59DF1139227B}"
EndProject
Project("{2150E333-8FDC-42A3-9474-1A3956D46DE8}") = "PreviousDays", "PreviousDays", "{749474A2-7118-4538-8994-01DC24015655}"
EndProject
Project("{F2A71F9B-5D33-465A-A702-920D77279786}") = "AdventOfCode2021.Day12", "AdventOfCode2021.Day12\AdventOfCode2021.Day12.fsproj", "{9C76F42D-087D-4B12-8D61-2DB556B01C4F}"
EndProject
Project("{F2A71F9B-5D33-465A-A702-920D77279786}") = "AdventOfCode2021.Day12.Tests", "AdventOfCode2021.Day12.Tests\AdventOfCode2021.Day12.Tests.fsproj", "{73E64F8A-DF8A-4D49-AF59-FE52E6A3A14B}"
EndProject
Project("{F2A71F9B-5D33-465A-A702-920D77279786}") = "AdventOfCode2021.Day13", "AdventOfCode2021.Day13\AdventOfCode2021.Day13.fsproj", "{CFC85B37-2F41-41FC-ACE9-19477A33B70E}"
EndProject
Project("{F2A71F9B-5D33-465A-A702-920D77279786}") = "AdventOfCode2021.Day13.Tests", "AdventOfCode2021.Day13.Tests\AdventOfCode2021.Day13.Tests.fsproj", "{74F373BB-348D-4508-8F32-71B8BAE7ACAD}"
EndProject
Project("{F2A71F9B-5D33-465A-A702-920D77279786}") = "AdventOfCode2021.Day14", "AdventOfCode2021.Day14\AdventOfCode2021.Day14.fsproj", "{2FB3183E-C925-4DE6-A017-D7963BB9BED3}"
EndProject
Project("{F2A71F9B-5D33-465A-A702-920D77279786}") = "AdventOfCode2021.Day14.Tests", "AdventOfCode2021.Day14.Tests\AdventOfCode2021.Day14.Tests.fsproj", "{6A6D5238-F3C6-43D7-92F6-FD60A8CA234A}"
EndProject
Project("{F2A71F9B-5D33-465A-A702-920D77279786}") = "AdventOfCode2021.Day15", "AdventOfCode2021.Day15\AdventOfCode2021.Day15.fsproj", "{A10F7AA7-FCF6-40AB-A46C-E478C547EBD1}"
EndProject
Project("{F2A71F9B-5D33-465A-A702-920D77279786}") = "AdventOfCode2021.Day15.Tests", "AdventOfCode2021.Day15.Tests\AdventOfCode2021.Day15.Tests.fsproj", "{C67154CC-6BA5-43F5-8980-964B352A9050}"
EndProject
Global
	GlobalSection(SolutionConfigurationPlatforms) = preSolution
		Debug|Any CPU = Debug|Any CPU
		Release|Any CPU = Release|Any CPU
	EndGlobalSection
	GlobalSection(SolutionProperties) = preSolution
		HideSolutionNode = FALSE
	EndGlobalSection
	GlobalSection(ProjectConfigurationPlatforms) = postSolution
		{0D27900B-3119-4C76-8672-7BE212625C13}.Debug|Any CPU.ActiveCfg = Debug|Any CPU
		{0D27900B-3119-4C76-8672-7BE212625C13}.Debug|Any CPU.Build.0 = Debug|Any CPU
		{0D27900B-3119-4C76-8672-7BE212625C13}.Release|Any CPU.ActiveCfg = Release|Any CPU
		{0D27900B-3119-4C76-8672-7BE212625C13}.Release|Any CPU.Build.0 = Release|Any CPU
		{F5BE6873-D38B-4588-9440-BF9CDB254489}.Debug|Any CPU.ActiveCfg = Debug|Any CPU
		{F5BE6873-D38B-4588-9440-BF9CDB254489}.Debug|Any CPU.Build.0 = Debug|Any CPU
		{F5BE6873-D38B-4588-9440-BF9CDB254489}.Release|Any CPU.ActiveCfg = Release|Any CPU
		{F5BE6873-D38B-4588-9440-BF9CDB254489}.Release|Any CPU.Build.0 = Release|Any CPU
		{5C259CF6-C19C-4894-8931-2A959E5BA043}.Debug|Any CPU.ActiveCfg = Debug|Any CPU
		{5C259CF6-C19C-4894-8931-2A959E5BA043}.Debug|Any CPU.Build.0 = Debug|Any CPU
		{5C259CF6-C19C-4894-8931-2A959E5BA043}.Release|Any CPU.ActiveCfg = Release|Any CPU
		{5C259CF6-C19C-4894-8931-2A959E5BA043}.Release|Any CPU.Build.0 = Release|Any CPU
		{2993C513-DAB1-4E83-ACE7-047D7E5B65F8}.Debug|Any CPU.ActiveCfg = Debug|Any CPU
		{2993C513-DAB1-4E83-ACE7-047D7E5B65F8}.Debug|Any CPU.Build.0 = Debug|Any CPU
		{2993C513-DAB1-4E83-ACE7-047D7E5B65F8}.Release|Any CPU.ActiveCfg = Release|Any CPU
		{2993C513-DAB1-4E83-ACE7-047D7E5B65F8}.Release|Any CPU.Build.0 = Release|Any CPU
		{6EB0CD80-422F-4F48-84F0-E0DC07EBD014}.Debug|Any CPU.ActiveCfg = Debug|Any CPU
		{6EB0CD80-422F-4F48-84F0-E0DC07EBD014}.Debug|Any CPU.Build.0 = Debug|Any CPU
		{6EB0CD80-422F-4F48-84F0-E0DC07EBD014}.Release|Any CPU.ActiveCfg = Release|Any CPU
		{6EB0CD80-422F-4F48-84F0-E0DC07EBD014}.Release|Any CPU.Build.0 = Release|Any CPU
		{CF23ED27-0C16-4054-A6A5-A907C780E374}.Debug|Any CPU.ActiveCfg = Debug|Any CPU
		{CF23ED27-0C16-4054-A6A5-A907C780E374}.Debug|Any CPU.Build.0 = Debug|Any CPU
		{CF23ED27-0C16-4054-A6A5-A907C780E374}.Release|Any CPU.ActiveCfg = Release|Any CPU
		{CF23ED27-0C16-4054-A6A5-A907C780E374}.Release|Any CPU.Build.0 = Release|Any CPU
		{7E83FDF6-36FA-4AF7-94BE-9784473CEAFE}.Debug|Any CPU.ActiveCfg = Debug|Any CPU
		{7E83FDF6-36FA-4AF7-94BE-9784473CEAFE}.Debug|Any CPU.Build.0 = Debug|Any CPU
		{7E83FDF6-36FA-4AF7-94BE-9784473CEAFE}.Release|Any CPU.ActiveCfg = Release|Any CPU
		{7E83FDF6-36FA-4AF7-94BE-9784473CEAFE}.Release|Any CPU.Build.0 = Release|Any CPU
		{6298EDAB-F0D8-452C-B941-FC55FEAA99EF}.Debug|Any CPU.ActiveCfg = Debug|Any CPU
		{6298EDAB-F0D8-452C-B941-FC55FEAA99EF}.Debug|Any CPU.Build.0 = Debug|Any CPU
		{6298EDAB-F0D8-452C-B941-FC55FEAA99EF}.Release|Any CPU.ActiveCfg = Release|Any CPU
		{6298EDAB-F0D8-452C-B941-FC55FEAA99EF}.Release|Any CPU.Build.0 = Release|Any CPU
		{D74AC0B4-D29F-43BF-B4A1-D3AC48F6EBBD}.Debug|Any CPU.ActiveCfg = Debug|Any CPU
		{D74AC0B4-D29F-43BF-B4A1-D3AC48F6EBBD}.Debug|Any CPU.Build.0 = Debug|Any CPU
		{D74AC0B4-D29F-43BF-B4A1-D3AC48F6EBBD}.Release|Any CPU.ActiveCfg = Release|Any CPU
		{D74AC0B4-D29F-43BF-B4A1-D3AC48F6EBBD}.Release|Any CPU.Build.0 = Release|Any CPU
		{2ACDCD5E-A4E4-4CC8-9BE9-FF5AEF3F6743}.Debug|Any CPU.ActiveCfg = Debug|Any CPU
		{2ACDCD5E-A4E4-4CC8-9BE9-FF5AEF3F6743}.Debug|Any CPU.Build.0 = Debug|Any CPU
		{2ACDCD5E-A4E4-4CC8-9BE9-FF5AEF3F6743}.Release|Any CPU.ActiveCfg = Release|Any CPU
		{2ACDCD5E-A4E4-4CC8-9BE9-FF5AEF3F6743}.Release|Any CPU.Build.0 = Release|Any CPU
		{5313769A-EA4E-416B-9300-44C732FC0889}.Debug|Any CPU.ActiveCfg = Debug|Any CPU
		{5313769A-EA4E-416B-9300-44C732FC0889}.Debug|Any CPU.Build.0 = Debug|Any CPU
		{5313769A-EA4E-416B-9300-44C732FC0889}.Release|Any CPU.ActiveCfg = Release|Any CPU
		{5313769A-EA4E-416B-9300-44C732FC0889}.Release|Any CPU.Build.0 = Release|Any CPU
		{DB731465-3739-4834-BE5C-9E87C2EE74EA}.Debug|Any CPU.ActiveCfg = Debug|Any CPU
		{DB731465-3739-4834-BE5C-9E87C2EE74EA}.Debug|Any CPU.Build.0 = Debug|Any CPU
		{DB731465-3739-4834-BE5C-9E87C2EE74EA}.Release|Any CPU.ActiveCfg = Release|Any CPU
		{DB731465-3739-4834-BE5C-9E87C2EE74EA}.Release|Any CPU.Build.0 = Release|Any CPU
		{2F90CD4E-9C57-41BF-9BF8-C6936E886E9C}.Debug|Any CPU.ActiveCfg = Debug|Any CPU
		{2F90CD4E-9C57-41BF-9BF8-C6936E886E9C}.Debug|Any CPU.Build.0 = Debug|Any CPU
		{2F90CD4E-9C57-41BF-9BF8-C6936E886E9C}.Release|Any CPU.ActiveCfg = Release|Any CPU
		{2F90CD4E-9C57-41BF-9BF8-C6936E886E9C}.Release|Any CPU.Build.0 = Release|Any CPU
		{0035B920-3C5B-4AF5-8AE4-0513F2FDF79E}.Debug|Any CPU.ActiveCfg = Debug|Any CPU
		{0035B920-3C5B-4AF5-8AE4-0513F2FDF79E}.Debug|Any CPU.Build.0 = Debug|Any CPU
		{0035B920-3C5B-4AF5-8AE4-0513F2FDF79E}.Release|Any CPU.ActiveCfg = Release|Any CPU
		{0035B920-3C5B-4AF5-8AE4-0513F2FDF79E}.Release|Any CPU.Build.0 = Release|Any CPU
		{2CF7EEAA-604F-45FC-942E-A80B0A02EE20}.Debug|Any CPU.ActiveCfg = Debug|Any CPU
		{2CF7EEAA-604F-45FC-942E-A80B0A02EE20}.Debug|Any CPU.Build.0 = Debug|Any CPU
		{2CF7EEAA-604F-45FC-942E-A80B0A02EE20}.Release|Any CPU.ActiveCfg = Release|Any CPU
		{2CF7EEAA-604F-45FC-942E-A80B0A02EE20}.Release|Any CPU.Build.0 = Release|Any CPU
		{1215E0A5-6E43-4030-BB33-65FBD4F5A9F7}.Debug|Any CPU.ActiveCfg = Debug|Any CPU
		{1215E0A5-6E43-4030-BB33-65FBD4F5A9F7}.Debug|Any CPU.Build.0 = Debug|Any CPU
		{1215E0A5-6E43-4030-BB33-65FBD4F5A9F7}.Release|Any CPU.ActiveCfg = Release|Any CPU
		{1215E0A5-6E43-4030-BB33-65FBD4F5A9F7}.Release|Any CPU.Build.0 = Release|Any CPU
		{644DD8B6-8B26-4964-AB48-72F5EE431A70}.Debug|Any CPU.ActiveCfg = Debug|Any CPU
		{644DD8B6-8B26-4964-AB48-72F5EE431A70}.Debug|Any CPU.Build.0 = Debug|Any CPU
		{644DD8B6-8B26-4964-AB48-72F5EE431A70}.Release|Any CPU.ActiveCfg = Release|Any CPU
		{644DD8B6-8B26-4964-AB48-72F5EE431A70}.Release|Any CPU.Build.0 = Release|Any CPU
		{EC8B72C4-93D6-4DFB-8A15-C33990608958}.Debug|Any CPU.ActiveCfg = Debug|Any CPU
		{EC8B72C4-93D6-4DFB-8A15-C33990608958}.Debug|Any CPU.Build.0 = Debug|Any CPU
		{EC8B72C4-93D6-4DFB-8A15-C33990608958}.Release|Any CPU.ActiveCfg = Release|Any CPU
		{EC8B72C4-93D6-4DFB-8A15-C33990608958}.Release|Any CPU.Build.0 = Release|Any CPU
		{E2E97124-A79E-4044-A2AA-EDD225818EA3}.Debug|Any CPU.ActiveCfg = Debug|Any CPU
		{E2E97124-A79E-4044-A2AA-EDD225818EA3}.Debug|Any CPU.Build.0 = Debug|Any CPU
		{E2E97124-A79E-4044-A2AA-EDD225818EA3}.Release|Any CPU.ActiveCfg = Release|Any CPU
		{E2E97124-A79E-4044-A2AA-EDD225818EA3}.Release|Any CPU.Build.0 = Release|Any CPU
		{E7475948-8B4F-40BB-BFF6-4EBAFA05DA24}.Debug|Any CPU.ActiveCfg = Debug|Any CPU
		{E7475948-8B4F-40BB-BFF6-4EBAFA05DA24}.Debug|Any CPU.Build.0 = Debug|Any CPU
		{E7475948-8B4F-40BB-BFF6-4EBAFA05DA24}.Release|Any CPU.ActiveCfg = Release|Any CPU
		{E7475948-8B4F-40BB-BFF6-4EBAFA05DA24}.Release|Any CPU.Build.0 = Release|Any CPU
		{0F1633E1-C614-4C0A-90DD-A733DEFFBD10}.Debug|Any CPU.ActiveCfg = Debug|Any CPU
		{0F1633E1-C614-4C0A-90DD-A733DEFFBD10}.Debug|Any CPU.Build.0 = Debug|Any CPU
		{0F1633E1-C614-4C0A-90DD-A733DEFFBD10}.Release|Any CPU.ActiveCfg = Release|Any CPU
		{0F1633E1-C614-4C0A-90DD-A733DEFFBD10}.Release|Any CPU.Build.0 = Release|Any CPU
		{9227C95B-CB03-4E9D-A5A2-806670843EED}.Debug|Any CPU.ActiveCfg = Debug|Any CPU
		{9227C95B-CB03-4E9D-A5A2-806670843EED}.Debug|Any CPU.Build.0 = Debug|Any CPU
		{9227C95B-CB03-4E9D-A5A2-806670843EED}.Release|Any CPU.ActiveCfg = Release|Any CPU
		{9227C95B-CB03-4E9D-A5A2-806670843EED}.Release|Any CPU.Build.0 = Release|Any CPU
		{70F701A0-7136-4C01-9A7D-12897A097D8E}.Debug|Any CPU.ActiveCfg = Debug|Any CPU
		{70F701A0-7136-4C01-9A7D-12897A097D8E}.Debug|Any CPU.Build.0 = Debug|Any CPU
		{70F701A0-7136-4C01-9A7D-12897A097D8E}.Release|Any CPU.ActiveCfg = Release|Any CPU
		{70F701A0-7136-4C01-9A7D-12897A097D8E}.Release|Any CPU.Build.0 = Release|Any CPU
		{B6520DE3-2077-4E79-B03C-59DF1139227B}.Debug|Any CPU.ActiveCfg = Debug|Any CPU
		{B6520DE3-2077-4E79-B03C-59DF1139227B}.Debug|Any CPU.Build.0 = Debug|Any CPU
		{B6520DE3-2077-4E79-B03C-59DF1139227B}.Release|Any CPU.ActiveCfg = Release|Any CPU
		{B6520DE3-2077-4E79-B03C-59DF1139227B}.Release|Any CPU.Build.0 = Release|Any CPU
		{9C76F42D-087D-4B12-8D61-2DB556B01C4F}.Debug|Any CPU.ActiveCfg = Debug|Any CPU
		{9C76F42D-087D-4B12-8D61-2DB556B01C4F}.Debug|Any CPU.Build.0 = Debug|Any CPU
		{9C76F42D-087D-4B12-8D61-2DB556B01C4F}.Release|Any CPU.ActiveCfg = Release|Any CPU
		{9C76F42D-087D-4B12-8D61-2DB556B01C4F}.Release|Any CPU.Build.0 = Release|Any CPU
		{73E64F8A-DF8A-4D49-AF59-FE52E6A3A14B}.Debug|Any CPU.ActiveCfg = Debug|Any CPU
		{73E64F8A-DF8A-4D49-AF59-FE52E6A3A14B}.Debug|Any CPU.Build.0 = Debug|Any CPU
		{73E64F8A-DF8A-4D49-AF59-FE52E6A3A14B}.Release|Any CPU.ActiveCfg = Release|Any CPU
		{73E64F8A-DF8A-4D49-AF59-FE52E6A3A14B}.Release|Any CPU.Build.0 = Release|Any CPU
		{CFC85B37-2F41-41FC-ACE9-19477A33B70E}.Debug|Any CPU.ActiveCfg = Debug|Any CPU
		{CFC85B37-2F41-41FC-ACE9-19477A33B70E}.Debug|Any CPU.Build.0 = Debug|Any CPU
		{CFC85B37-2F41-41FC-ACE9-19477A33B70E}.Release|Any CPU.ActiveCfg = Release|Any CPU
		{CFC85B37-2F41-41FC-ACE9-19477A33B70E}.Release|Any CPU.Build.0 = Release|Any CPU
		{74F373BB-348D-4508-8F32-71B8BAE7ACAD}.Debug|Any CPU.ActiveCfg = Debug|Any CPU
		{74F373BB-348D-4508-8F32-71B8BAE7ACAD}.Debug|Any CPU.Build.0 = Debug|Any CPU
		{74F373BB-348D-4508-8F32-71B8BAE7ACAD}.Release|Any CPU.ActiveCfg = Release|Any CPU
		{74F373BB-348D-4508-8F32-71B8BAE7ACAD}.Release|Any CPU.Build.0 = Release|Any CPU
		{2FB3183E-C925-4DE6-A017-D7963BB9BED3}.Debug|Any CPU.ActiveCfg = Debug|Any CPU
		{2FB3183E-C925-4DE6-A017-D7963BB9BED3}.Debug|Any CPU.Build.0 = Debug|Any CPU
		{2FB3183E-C925-4DE6-A017-D7963BB9BED3}.Release|Any CPU.ActiveCfg = Release|Any CPU
		{2FB3183E-C925-4DE6-A017-D7963BB9BED3}.Release|Any CPU.Build.0 = Release|Any CPU
		{6A6D5238-F3C6-43D7-92F6-FD60A8CA234A}.Debug|Any CPU.ActiveCfg = Debug|Any CPU
		{6A6D5238-F3C6-43D7-92F6-FD60A8CA234A}.Debug|Any CPU.Build.0 = Debug|Any CPU
		{6A6D5238-F3C6-43D7-92F6-FD60A8CA234A}.Release|Any CPU.ActiveCfg = Release|Any CPU
		{6A6D5238-F3C6-43D7-92F6-FD60A8CA234A}.Release|Any CPU.Build.0 = Release|Any CPU
		{A10F7AA7-FCF6-40AB-A46C-E478C547EBD1}.Debug|Any CPU.ActiveCfg = Debug|Any CPU
		{A10F7AA7-FCF6-40AB-A46C-E478C547EBD1}.Debug|Any CPU.Build.0 = Debug|Any CPU
		{A10F7AA7-FCF6-40AB-A46C-E478C547EBD1}.Release|Any CPU.ActiveCfg = Release|Any CPU
		{A10F7AA7-FCF6-40AB-A46C-E478C547EBD1}.Release|Any CPU.Build.0 = Release|Any CPU
		{C67154CC-6BA5-43F5-8980-964B352A9050}.Debug|Any CPU.ActiveCfg = Debug|Any CPU
		{C67154CC-6BA5-43F5-8980-964B352A9050}.Debug|Any CPU.Build.0 = Debug|Any CPU
		{C67154CC-6BA5-43F5-8980-964B352A9050}.Release|Any CPU.ActiveCfg = Release|Any CPU
		{C67154CC-6BA5-43F5-8980-964B352A9050}.Release|Any CPU.Build.0 = Release|Any CPU
	EndGlobalSection
	GlobalSection(NestedProjects) = preSolution
		{0D27900B-3119-4C76-8672-7BE212625C13} = {749474A2-7118-4538-8994-01DC24015655}
		{F5BE6873-D38B-4588-9440-BF9CDB254489} = {749474A2-7118-4538-8994-01DC24015655}
		{5C259CF6-C19C-4894-8931-2A959E5BA043} = {749474A2-7118-4538-8994-01DC24015655}
		{2993C513-DAB1-4E83-ACE7-047D7E5B65F8} = {749474A2-7118-4538-8994-01DC24015655}
		{6EB0CD80-422F-4F48-84F0-E0DC07EBD014} = {749474A2-7118-4538-8994-01DC24015655}
		{CF23ED27-0C16-4054-A6A5-A907C780E374} = {749474A2-7118-4538-8994-01DC24015655}
		{6298EDAB-F0D8-452C-B941-FC55FEAA99EF} = {749474A2-7118-4538-8994-01DC24015655}
		{D74AC0B4-D29F-43BF-B4A1-D3AC48F6EBBD} = {749474A2-7118-4538-8994-01DC24015655}
		{2ACDCD5E-A4E4-4CC8-9BE9-FF5AEF3F6743} = {749474A2-7118-4538-8994-01DC24015655}
		{5313769A-EA4E-416B-9300-44C732FC0889} = {749474A2-7118-4538-8994-01DC24015655}
		{DB731465-3739-4834-BE5C-9E87C2EE74EA} = {749474A2-7118-4538-8994-01DC24015655}
		{2F90CD4E-9C57-41BF-9BF8-C6936E886E9C} = {749474A2-7118-4538-8994-01DC24015655}
		{0035B920-3C5B-4AF5-8AE4-0513F2FDF79E} = {749474A2-7118-4538-8994-01DC24015655}
		{2CF7EEAA-604F-45FC-942E-A80B0A02EE20} = {749474A2-7118-4538-8994-01DC24015655}
		{1215E0A5-6E43-4030-BB33-65FBD4F5A9F7} = {749474A2-7118-4538-8994-01DC24015655}
		{644DD8B6-8B26-4964-AB48-72F5EE431A70} = {749474A2-7118-4538-8994-01DC24015655}
		{E2E97124-A79E-4044-A2AA-EDD225818EA3} = {749474A2-7118-4538-8994-01DC24015655}
		{E7475948-8B4F-40BB-BFF6-4EBAFA05DA24} = {749474A2-7118-4538-8994-01DC24015655}
		{0F1633E1-C614-4C0A-90DD-A733DEFFBD10} = {749474A2-7118-4538-8994-01DC24015655}
		{9227C95B-CB03-4E9D-A5A2-806670843EED} = {749474A2-7118-4538-8994-01DC24015655}
		{B6520DE3-2077-4E79-B03C-59DF1139227B} = {749474A2-7118-4538-8994-01DC24015655}
		{70F701A0-7136-4C01-9A7D-12897A097D8E} = {749474A2-7118-4538-8994-01DC24015655}
		{9C76F42D-087D-4B12-8D61-2DB556B01C4F} = {749474A2-7118-4538-8994-01DC24015655}
		{73E64F8A-DF8A-4D49-AF59-FE52E6A3A14B} = {749474A2-7118-4538-8994-01DC24015655}
		{CFC85B37-2F41-41FC-ACE9-19477A33B70E} = {749474A2-7118-4538-8994-01DC24015655}
		{74F373BB-348D-4508-8F32-71B8BAE7ACAD} = {749474A2-7118-4538-8994-01DC24015655}
		{2FB3183E-C925-4DE6-A017-D7963BB9BED3} = {749474A2-7118-4538-8994-01DC24015655}
		{6A6D5238-F3C6-43D7-92F6-FD60A8CA234A} = {749474A2-7118-4538-8994-01DC24015655}
	EndGlobalSection
EndGlobal
