
Microsoft Visual Studio Solution File, Format Version 12.00
# Visual Studio Version 16
VisualStudioVersion = 16.0.30114.105
MinimumVisualStudioVersion = 10.0.40219.1
Project("{F2A71F9B-5D33-465A-A702-920D77279786}") = "AdventOfCode2021.Day01", "AdventOfCode2021.Day01\AdventOfCode2021.Day01.fsproj", "{0D27900B-3119-4C76-8672-7BE212625C13}"
EndProject
Project("{F2A71F9B-5D33-465A-A702-920D77279786}") = "AdventOfCode2021.Day01.Tests", "AdventOfCode2021.Day01.Tests\AdventOfCode2021.Day01.Tests.fsproj", "{F5BE6873-D38B-4588-9440-BF9CDB254489}"
EndProject
Global
	GlobalSection(SolutionConfigurationPlatforms) = preSolution
		Debug|Any CPU = Debug|Any CPU
		Release|Any CPU = Release|Any CPU
	EndGlobalSection
	GlobalSection(SolutionProperties) = preSolution
		HideSolutionNode = FALSE
	EndGlobalSection
	GlobalSection(ProjectConfigurationPlatforms) = postSolution
		{0D27900B-3119-4C76-8672-7BE212625C13}.Debug|Any CPU.ActiveCfg = Debug|Any CPU
		{0D27900B-3119-4C76-8672-7BE212625C13}.Debug|Any CPU.Build.0 = Debug|Any CPU
		{0D27900B-3119-4C76-8672-7BE212625C13}.Release|Any CPU.ActiveCfg = Release|Any CPU
		{0D27900B-3119-4C76-8672-7BE212625C13}.Release|Any CPU.Build.0 = Release|Any CPU
		{F5BE6873-D38B-4588-9440-BF9CDB254489}.Debug|Any CPU.ActiveCfg = Debug|Any CPU
		{F5BE6873-D38B-4588-9440-BF9CDB254489}.Debug|Any CPU.Build.0 = Debug|Any CPU
		{F5BE6873-D38B-4588-9440-BF9CDB254489}.Release|Any CPU.ActiveCfg = Release|Any CPU
		{F5BE6873-D38B-4588-9440-BF9CDB254489}.Release|Any CPU.Build.0 = Release|Any CPU
	EndGlobalSection
EndGlobal
