STORAGE: NONE
RESTRICTION: == net10.0
NUGET
  remote: https://api.nuget.org/v3/index.json
    Azure.Core (1.59)
      Microsoft.Bcl.AsyncInterfaces (>= 10.0.3)
      Microsoft.Extensions.Configuration.Abstractions (>= 10.0.3)
      Microsoft.Extensions.Hosting.Abstractions (>= 10.0.3)
      Microsoft.Identity.Client (>= 4.84.2)
      Microsoft.Identity.Client.Extensions.Msal (>= 4.84.2)
      System.ClientModel (>= 1.14)
      System.Memory.Data (>= 10.0.3)
    Azure.Monitor.OpenTelemetry.Exporter (1.8.1)
      Azure.Core (>= 1.56)
      OpenTelemetry.Extensions.Hosting (>= 1.15.3)
      OpenTelemetry.PersistentStorage.FileSystem (>= 1.0.3)
    coverlet.collector (10.0.1)
    FSharp.Core (10.1.301)
    FSharp.Text.RegexProvider (2.1)
      FSharp.Core (>= 4.3.4)
    FsUnit (7.1.1)
      FSharp.Core (>= 5.0.2)
      NUnit (>= 4.0.1)
    Microsoft.ApplicationInsights (3.1.2)
      Azure.Monitor.OpenTelemetry.Exporter (>= 1.8)
    Microsoft.Bcl.AsyncInterfaces (10.0.9)
    Microsoft.CodeCoverage (18.7)
    Microsoft.Extensions.Configuration (10.0.9)
      Microsoft.Extensions.Configuration.Abstractions (>= 10.0.9)
      Microsoft.Extensions.Primitives (>= 10.0.9)
    Microsoft.Extensions.Configuration.Abstractions (10.0.9)
      Microsoft.Extensions.Primitives (>= 10.0.9)
    Microsoft.Extensions.Configuration.Binder (10.0.9)
      Microsoft.Extensions.Configuration (>= 10.0.9)
      Microsoft.Extensions.Configuration.Abstractions (>= 10.0.9)
    Microsoft.Extensions.DependencyInjection (10.0.9)
      Microsoft.Extensions.DependencyInjection.Abstractions (>= 10.0.9)
    Microsoft.Extensions.DependencyInjection.Abstractions (10.0.9)
    Microsoft.Extensions.DependencyModel (10.0.9)
    Microsoft.Extensions.Diagnostics.Abstractions (10.0.9)
      Microsoft.Extensions.DependencyInjection.Abstractions (>= 10.0.9)
      Microsoft.Extensions.Options (>= 10.0.9)
    Microsoft.Extensions.FileProviders.Abstractions (10.0.9)
      Microsoft.Extensions.Primitives (>= 10.0.9)
    Microsoft.Extensions.Hosting.Abstractions (10.0.9)
      Microsoft.Extensions.Configuration.Abstractions (>= 10.0.9)
      Microsoft.Extensions.DependencyInjection.Abstractions (>= 10.0.9)
      Microsoft.Extensions.Diagnostics.Abstractions (>= 10.0.9)
      Microsoft.Extensions.FileProviders.Abstractions (>= 10.0.9)
      Microsoft.Extensions.Logging.Abstractions (>= 10.0.9)
    Microsoft.Extensions.Logging (10.0.9)
      Microsoft.Extensions.DependencyInjection (>= 10.0.9)
      Microsoft.Extensions.Logging.Abstractions (>= 10.0.9)
      Microsoft.Extensions.Options (>= 10.0.9)
    Microsoft.Extensions.Logging.Abstractions (10.0.9)
      Microsoft.Extensions.DependencyInjection.Abstractions (>= 10.0.9)
    Microsoft.Extensions.Logging.Configuration (10.0.9)
      Microsoft.Extensions.Configuration (>= 10.0.9)
      Microsoft.Extensions.Configuration.Abstractions (>= 10.0.9)
      Microsoft.Extensions.Configuration.Binder (>= 10.0.9)
      Microsoft.Extensions.DependencyInjection.Abstractions (>= 10.0.9)
      Microsoft.Extensions.Logging (>= 10.0.9)
      Microsoft.Extensions.Logging.Abstractions (>= 10.0.9)
      Microsoft.Extensions.Options (>= 10.0.9)
      Microsoft.Extensions.Options.ConfigurationExtensions (>= 10.0.9)
    Microsoft.Extensions.Options (10.0.9)
      Microsoft.Extensions.DependencyInjection.Abstractions (>= 10.0.9)
      Microsoft.Extensions.Primitives (>= 10.0.9)
    Microsoft.Extensions.Options.ConfigurationExtensions (10.0.9)
      Microsoft.Extensions.Configuration.Abstractions (>= 10.0.9)
      Microsoft.Extensions.Configuration.Binder (>= 10.0.9)
      Microsoft.Extensions.DependencyInjection.Abstractions (>= 10.0.9)
      Microsoft.Extensions.Options (>= 10.0.9)
      Microsoft.Extensions.Primitives (>= 10.0.9)
    Microsoft.Extensions.Primitives (10.0.9)
    Microsoft.Identity.Client (4.85.2)
      Microsoft.IdentityModel.Abstractions (>= 8.14)
      System.Diagnostics.DiagnosticSource (>= 6.0.1)
    Microsoft.Identity.Client.Extensions.Msal (4.85.2)
      Microsoft.Identity.Client (>= 4.85.2)
      System.Security.Cryptography.ProtectedData (>= 4.5)
    Microsoft.IdentityModel.Abstractions (8.19.1)
    Microsoft.NET.Test.Sdk (18.7)
      Microsoft.CodeCoverage (>= 18.7)
      Microsoft.TestPlatform.TestHost (>= 18.7)
    Microsoft.Testing.Extensions.Telemetry (2.2.3)
      Microsoft.ApplicationInsights (>= 2.23)
      Microsoft.Testing.Platform (>= 2.2.3)
    Microsoft.Testing.Extensions.TrxReport.Abstractions (2.2.3)
      Microsoft.Testing.Platform (>= 2.2.3)
    Microsoft.Testing.Extensions.VSTestBridge (2.2.3)
      Microsoft.Testing.Extensions.Telemetry (>= 2.2.3)
      Microsoft.Testing.Extensions.TrxReport.Abstractions (>= 2.2.3)
      Microsoft.Testing.Platform (>= 2.2.3)
      Microsoft.TestPlatform.ObjectModel (>= 18.3)
    Microsoft.Testing.Platform (2.2.3)
    Microsoft.Testing.Platform.MSBuild (2.2.3)
      Microsoft.Testing.Platform (>= 2.2.3)
    Microsoft.TestPlatform.ObjectModel (18.7)
      System.Reflection.Metadata (>= 8.0)
    Microsoft.TestPlatform.TestHost (18.7)
      Microsoft.TestPlatform.ObjectModel (>= 18.7)
      Newtonsoft.Json (>= 13.0.3)
    Newtonsoft.Json (13.0.4)
    NUnit (4.6.1)
    NUnit3TestAdapter (6.2)
      Microsoft.Extensions.DependencyModel (>= 8.0.2)
      Microsoft.Testing.Extensions.VSTestBridge (>= 2.1)
      Microsoft.Testing.Platform.MSBuild (>= 2.1)
    OpenTelemetry (1.16)
      Microsoft.Extensions.Diagnostics.Abstractions (>= 10.0)
      Microsoft.Extensions.Logging.Configuration (>= 10.0)
      OpenTelemetry.Api.ProviderBuilderExtensions (>= 1.16)
    OpenTelemetry.Api (1.16)
    OpenTelemetry.Api.ProviderBuilderExtensions (1.16)
      Microsoft.Extensions.DependencyInjection.Abstractions (>= 10.0)
      OpenTelemetry.Api (>= 1.16)
    OpenTelemetry.Extensions.Hosting (1.16)
      Microsoft.Extensions.Hosting.Abstractions (>= 10.0)
      OpenTelemetry (>= 1.16)
    OpenTelemetry.PersistentStorage.Abstractions (1.1)
    OpenTelemetry.PersistentStorage.FileSystem (1.1)
      OpenTelemetry.PersistentStorage.Abstractions (>= 1.1)
    System.ClientModel (1.14)
      Microsoft.Extensions.Configuration.Abstractions (>= 10.0.3)
      Microsoft.Extensions.Hosting.Abstractions (>= 10.0.3)
      Microsoft.Extensions.Logging.Abstractions (>= 10.0.3)
      System.Memory.Data (>= 10.0.3)
    System.Diagnostics.DiagnosticSource (10.0.9)
    System.Memory.Data (10.0.9)
    System.Reflection.Metadata (10.0.9)
    System.Security.Cryptography.ProtectedData (10.0.9)
    Unquote (7.0.1)
      FSharp.Core (>= 6.0)
