STORAGE: NONE
RESTRICTION: == net9.0
NUGET
  remote: https://api.nuget.org/v3/index.json
    coverlet.collector (6.0.3)
    FSharp.Core (9.0.100)
    FSharp.Text.RegexProvider (2.1)
      FSharp.Core (>= 4.3.4)
    FsUnit (7.0.1)
      FSharp.Core (>= 5.0.2)
      NUnit (>= 4.0.1)
    Microsoft.CodeCoverage (17.12)
    Microsoft.NET.Test.Sdk (17.12)
      Microsoft.CodeCoverage (>= 17.12)
      Microsoft.TestPlatform.TestHost (>= 17.12)
    Microsoft.TestPlatform.ObjectModel (17.12)
      System.Reflection.Metadata (>= 1.6)
    Microsoft.TestPlatform.TestHost (17.12)
      Microsoft.TestPlatform.ObjectModel (>= 17.12)
      Newtonsoft.Json (>= 13.0.1)
    Newtonsoft.Json (13.0.3)
    NUnit (4.3.2)
    NUnit3TestAdapter (4.6)
    System.Reflection.Metadata (9.0)
    Unquote (7.0.1)
      FSharp.Core (>= 6.0)
